
Microsoft Visual Studio Solution File, Format Version 12.00
# Visual Studio Version 17
VisualStudioVersion = 17.0.32014.148
MinimumVisualStudioVersion = 10.0.40219.1
Project("{FAE04EC0-301F-11D3-BF4B-00C04F79EFBC}") = "ChipEight.Runtime", "ChipEight.Runtime\ChipEight.Runtime.csproj", "{EE331CFD-C950-45BF-9D6C-775FA809BE8B}"
EndProject
Global
	GlobalSection(SolutionConfigurationPlatforms) = preSolution
		Debug|Any CPU = Debug|Any CPU
		Release|Any CPU = Release|Any CPU
	EndGlobalSection
	GlobalSection(ProjectConfigurationPlatforms) = postSolution
		{EE331CFD-C950-45BF-9D6C-775FA809BE8B}.Debug|Any CPU.ActiveCfg = Debug|Any CPU
		{EE331CFD-C950-45BF-9D6C-775FA809BE8B}.Debug|Any CPU.Build.0 = Debug|Any CPU
		{EE331CFD-C950-45BF-9D6C-775FA809BE8B}.Release|Any CPU.ActiveCfg = Release|Any CPU
		{EE331CFD-C950-45BF-9D6C-775FA809BE8B}.Release|Any CPU.Build.0 = Release|Any CPU
	EndGlobalSection
	GlobalSection(SolutionProperties) = preSolution
		HideSolutionNode = FALSE
	EndGlobalSection
	GlobalSection(ExtensibilityGlobals) = postSolution
		SolutionGuid = {092BEAB3-3282-4928-ABC8-D0BF122C6513}
	EndGlobalSection
EndGlobal
